// !$*UTF8*$!
{
	archiveVersion = 1;
	classes = {
	};
	objectVersion = 50;
	objects = {

/* Begin PBXBuildFile section */
		C918277326F19492000FFAE6 /* DetailsView.swift in Sources */ = {isa = PBXBuildFile; fileRef = C918277226F19492000FFAE6 /* DetailsView.swift */; };
		C918277526F19570000FFAE6 /* TaskSectionHeader.swift in Sources */ = {isa = PBXBuildFile; fileRef = C918277426F19570000FFAE6 /* TaskSectionHeader.swift */; };
		C934ED3126F97B2700DAC9B9 /* Task.swift in Sources */ = {isa = PBXBuildFile; fileRef = C934ED3026F97B2700DAC9B9 /* Task.swift */; };
		C94F80B126E7036E007207FF /* NightWatchApp.swift in Sources */ = {isa = PBXBuildFile; fileRef = C94F80B026E7036E007207FF /* NightWatchApp.swift */; };
		C94F80B326E7036E007207FF /* ContentView.swift in Sources */ = {isa = PBXBuildFile; fileRef = C94F80B226E7036E007207FF /* ContentView.swift */; };
		C94F80B526E7036F007207FF /* Assets.xcassets in Resources */ = {isa = PBXBuildFile; fileRef = C94F80B426E7036F007207FF /* Assets.xcassets */; };
		C94F80B826E7036F007207FF /* Preview Assets.xcassets in Resources */ = {isa = PBXBuildFile; fileRef = C94F80B726E7036F007207FF /* Preview Assets.xcassets */; };
		C9BAF7C726FAD54000DB0CB2 /* NightWatchTasks.swift in Sources */ = {isa = PBXBuildFile; fileRef = C9BAF7C626FAD54000DB0CB2 /* NightWatchTasks.swift */; };
/* End PBXBuildFile section */

/* Begin PBXFileReference section */
		C918277226F19492000FFAE6 /* DetailsView.swift */ = {isa = PBXFileReference; lastKnownFileType = sourcecode.swift; path = DetailsView.swift; sourceTree = "<group>"; };
		C918277426F19570000FFAE6 /* TaskSectionHeader.swift */ = {isa = PBXFileReference; lastKnownFileType = sourcecode.swift; path = TaskSectionHeader.swift; sourceTree = "<group>"; };
		C934ED3026F97B2700DAC9B9 /* Task.swift */ = {isa = PBXFileReference; lastKnownFileType = sourcecode.swift; path = Task.swift; sourceTree = "<group>"; };
		C94F80AD26E7036E007207FF /* NightWatch.app */ = {isa = PBXFileReference; explicitFileType = wrapper.application; includeInIndex = 0; path = NightWatch.app; sourceTree = BUILT_PRODUCTS_DIR; };
		C94F80B026E7036E007207FF /* NightWatchApp.swift */ = {isa = PBXFileReference; lastKnownFileType = sourcecode.swift; path = NightWatchApp.swift; sourceTree = "<group>"; };
		C94F80B226E7036E007207FF /* ContentView.swift */ = {isa = PBXFileReference; lastKnownFileType = sourcecode.swift; path = ContentView.swift; sourceTree = "<group>"; };
		C94F80B426E7036F007207FF /* Assets.xcassets */ = {isa = PBXFileReference; lastKnownFileType = folder.assetcatalog; path = Assets.xcassets; sourceTree = "<group>"; };
		C94F80B726E7036F007207FF /* Preview Assets.xcassets */ = {isa = PBXFileReference; lastKnownFileType = folder.assetcatalog; path = "Preview Assets.xcassets"; sourceTree = "<group>"; };
		C94F80B926E7036F007207FF /* Info.plist */ = {isa = PBXFileReference; lastKnownFileType = text.plist.xml; path = Info.plist; sourceTree = "<group>"; };
		C9BAF7C626FAD54000DB0CB2 /* NightWatchTasks.swift */ = {isa = PBXFileReference; lastKnownFileType = sourcecode.swift; path = NightWatchTasks.swift; sourceTree = "<group>"; };
/* End PBXFileReference section */

/* Begin PBXFrameworksBuildPhase section */
		C94F80AA26E7036E007207FF /* Frameworks */ = {
			isa = PBXFrameworksBuildPhase;
			buildActionMask = 2147483647;
			files = (
			);
			runOnlyForDeploymentPostprocessing = 0;
		};
/* End PBXFrameworksBuildPhase section */

/* Begin PBXGroup section */
		C94F80A426E7036E007207FF = {
			isa = PBXGroup;
			children = (
				C94F80AF26E7036E007207FF /* NightWatch */,
				C94F80AE26E7036E007207FF /* Products */,
			);
			sourceTree = "<group>";
		};
		C94F80AE26E7036E007207FF /* Products */ = {
			isa = PBXGroup;
			children = (
				C94F80AD26E7036E007207FF /* NightWatch.app */,
			);
			name = Products;
			sourceTree = "<group>";
		};
		C94F80AF26E7036E007207FF /* NightWatch */ = {
			isa = PBXGroup;
			children = (
				C94F80B026E7036E007207FF /* NightWatchApp.swift */,
				C94F80B226E7036E007207FF /* ContentView.swift */,
				C94F80B426E7036F007207FF /* Assets.xcassets */,
				C94F80B926E7036F007207FF /* Info.plist */,
				C94F80B626E7036F007207FF /* Preview Content */,
				C918277226F19492000FFAE6 /* DetailsView.swift */,
				C918277426F19570000FFAE6 /* TaskSectionHeader.swift */,
				C934ED3026F97B2700DAC9B9 /* Task.swift */,
				C9BAF7C626FAD54000DB0CB2 /* NightWatchTasks.swift */,
			);
			path = NightWatch;
			sourceTree = "<group>";
		};
		C94F80B626E7036F007207FF /* Preview Content */ = {
			isa = PBXGroup;
			children = (
				C94F80B726E7036F007207FF /* Preview Assets.xcassets */,
			);
			path = "Preview Content";
			sourceTree = "<group>";
		};
/* End PBXGroup section */

/* Begin PBXNativeTarget section */
		C94F80AC26E7036E007207FF /* NightWatch */ = {
			isa = PBXNativeTarget;
			buildConfigurationList = C94F80BC26E7036F007207FF /* Build configuration list for PBXNativeTarget "NightWatch" */;
			buildPhases = (
				C94F80A926E7036E007207FF /* Sources */,
				C94F80AA26E7036E007207FF /* Frameworks */,
				C94F80AB26E7036E007207FF /* Resources */,
			);
			buildRules = (
			);
			dependencies = (
			);
			name = NightWatch;
			productName = NightWatch;
			productReference = C94F80AD26E7036E007207FF /* NightWatch.app */;
			productType = "com.apple.product-type.application";
		};
/* End PBXNativeTarget section */

/* Begin PBXProject section */
		C94F80A526E7036E007207FF /* Project object */ = {
			isa = PBXProject;
			attributes = {
				LastSwiftUpdateCheck = 1250;
				LastUpgradeCheck = 1250;
				TargetAttributes = {
					C94F80AC26E7036E007207FF = {
						CreatedOnToolsVersion = 12.5.1;
					};
				};
			};
			buildConfigurationList = C94F80A826E7036E007207FF /* Build configuration list for PBXProject "NightWatch" */;
			compatibilityVersion = "Xcode 9.3";
			developmentRegion = en;
			hasScannedForEncodings = 0;
			knownRegions = (
				en,
				Base,
			);
			mainGroup = C94F80A426E7036E007207FF;
			productRefGroup = C94F80AE26E7036E007207FF /* Products */;
			projectDirPath = "";
			projectRoot = "";
			targets = (
				C94F80AC26E7036E007207FF /* NightWatch */,
			);
		};
/* End PBXProject section */

/* Begin PBXResourcesBuildPhase section */
		C94F80AB26E7036E007207FF /* Resources */ = {
			isa = PBXResourcesBuildPhase;
			buildActionMask = 2147483647;
			files = (
				C94F80B826E7036F007207FF /* Preview Assets.xcassets in Resources */,
				C94F80B526E7036F007207FF /* Assets.xcassets in Resources */,
			);
			runOnlyForDeploymentPostprocessing = 0;
		};
/* End PBXResourcesBuildPhase section */

/* Begin PBXSourcesBuildPhase section */
		C94F80A926E7036E007207FF /* Sources */ = {
			isa = PBXSourcesBuildPhase;
			buildActionMask = 2147483647;
			files = (
				C94F80B326E7036E007207FF /* ContentView.swift in Sources */,
				C94F80B126E7036E007207FF /* NightWatchApp.swift in Sources */,
				C934ED3126F97B2700DAC9B9 /* Task.swift in Sources */,
				C918277326F19492000FFAE6 /* DetailsView.swift in Sources */,
				C918277526F19570000FFAE6 /* TaskSectionHeader.swift in Sources */,
				C9BAF7C726FAD54000DB0CB2 /* NightWatchTasks.swift in Sources */,
			);
			runOnlyForDeploymentPostprocessing = 0;
		};
/* End PBXSourcesBuildPhase section */

/* Begin XCBuildConfiguration section */
		C94F80BA26E7036F007207FF /* Debug */ = {
			isa = XCBuildConfiguration;
			buildSettings = {
				ALWAYS_SEARCH_USER_PATHS = NO;
				CLANG_ANALYZER_NONNULL = YES;
				CLANG_ANALYZER_NUMBER_OBJECT_CONVERSION = YES_AGGRESSIVE;
				CLANG_CXX_LANGUAGE_STANDARD = "gnu++14";
				CLANG_CXX_LIBRARY = "libc++";
				CLANG_ENABLE_MODULES = YES;
				CLANG_ENABLE_OBJC_ARC = YES;
				CLANG_ENABLE_OBJC_WEAK = YES;
				CLANG_WARN_BLOCK_CAPTURE_AUTORELEASING = YES;
				CLANG_WARN_BOOL_CONVERSION = YES;
				CLANG_WARN_COMMA = YES;
				CLANG_WARN_CONSTANT_CONVERSION = YES;
				CLANG_WARN_DEPRECATED_OBJC_IMPLEMENTATIONS = YES;
				CLANG_WARN_DIRECT_OBJC_ISA_USAGE = YES_ERROR;
				CLANG_WARN_DOCUMENTATION_COMMENTS = YES;
				CLANG_WARN_EMPTY_BODY = YES;
				CLANG_WARN_ENUM_CONVERSION = YES;
				CLANG_WARN_INFINITE_RECURSION = YES;
				CLANG_WARN_INT_CONVERSION = YES;
				CLANG_WARN_NON_LITERAL_NULL_CONVERSION = YES;
				CLANG_WARN_OBJC_IMPLICIT_RETAIN_SELF = YES;
				CLANG_WARN_OBJC_LITERAL_CONVERSION = YES;
				CLANG_WARN_OBJC_ROOT_CLASS = YES_ERROR;
				CLANG_WARN_QUOTED_INCLUDE_IN_FRAMEWORK_HEADER = YES;
				CLANG_WARN_RANGE_LOOP_ANALYSIS = YES;
				CLANG_WARN_STRICT_PROTOTYPES = YES;
				CLANG_WARN_SUSPICIOUS_MOVE = YES;
				CLANG_WARN_UNGUARDED_AVAILABILITY = YES_AGGRESSIVE;
				CLANG_WARN_UNREACHABLE_CODE = YES;
				CLANG_WARN__DUPLICATE_METHOD_MATCH = YES;
				COPY_PHASE_STRIP = NO;
				DEBUG_INFORMATION_FORMAT = dwarf;
				ENABLE_STRICT_OBJC_MSGSEND = YES;
				ENABLE_TESTABILITY = YES;
				GCC_C_LANGUAGE_STANDARD = gnu11;
				GCC_DYNAMIC_NO_PIC = NO;
				GCC_NO_COMMON_BLOCKS = YES;
				GCC_OPTIMIZATION_LEVEL = 0;
				GCC_PREPROCESSOR_DEFINITIONS = (
					"DEBUG=1",
					"$(inherited)",
				);
				GCC_WARN_64_TO_32_BIT_CONVERSION = YES;
				GCC_WARN_ABOUT_RETURN_TYPE = YES_ERROR;
				GCC_WARN_UNDECLARED_SELECTOR = YES;
				GCC_WARN_UNINITIALIZED_AUTOS = YES_AGGRESSIVE;
				GCC_WARN_UNUSED_FUNCTION = YES;
				GCC_WARN_UNUSED_VARIABLE = YES;
				IPHONEOS_DEPLOYMENT_TARGET = 14.5;
				MTL_ENABLE_DEBUG_INFO = INCLUDE_SOURCE;
				MTL_FAST_MATH = YES;
				ONLY_ACTIVE_ARCH = YES;
				SDKROOT = iphoneos;
				SWIFT_ACTIVE_COMPILATION_CONDITIONS = DEBUG;
				SWIFT_OPTIMIZATION_LEVEL = "-Onone";
			};
			name = Debug;
		};
		C94F80BB26E7036F007207FF /* Release */ = {
			isa = XCBuildConfiguration;
			buildSettings = {
				ALWAYS_SEARCH_USER_PATHS = NO;
				CLANG_ANALYZER_NONNULL = YES;
				CLANG_ANALYZER_NUMBER_OBJECT_CONVERSION = YES_AGGRESSIVE;
				CLANG_CXX_LANGUAGE_STANDARD = "gnu++14";
				CLANG_CXX_LIBRARY = "libc++";
				CLANG_ENABLE_MODULES = YES;
				CLANG_ENABLE_OBJC_ARC = YES;
				CLANG_ENABLE_OBJC_WEAK = YES;
				CLANG_WARN_BLOCK_CAPTURE_AUTORELEASING = YES;
				CLANG_WARN_BOOL_CONVERSION = YES;
				CLANG_WARN_COMMA = YES;
				CLANG_WARN_CONSTANT_CONVERSION = YES;
				CLANG_WARN_DEPRECATED_OBJC_IMPLEMENTATIONS = YES;
				CLANG_WARN_DIRECT_OBJC_ISA_USAGE = YES_ERROR;
				CLANG_WARN_DOCUMENTATION_COMMENTS = YES;
				CLANG_WARN_EMPTY_BODY = YES;
				CLANG_WARN_ENUM_CONVERSION = YES;
				CLANG_WARN_INFINITE_RECURSION = YES;
				CLANG_WARN_INT_CONVERSION = YES;
				CLANG_WARN_NON_LITERAL_NULL_CONVERSION = YES;
				CLANG_WARN_OBJC_IMPLICIT_RETAIN_SELF = YES;
				CLANG_WARN_OBJC_LITERAL_CONVERSION = YES;
				CLANG_WARN_OBJC_ROOT_CLASS = YES_ERROR;
				CLANG_WARN_QUOTED_INCLUDE_IN_FRAMEWORK_HEADER = YES;
				CLANG_WARN_RANGE_LOOP_ANALYSIS = YES;
				CLANG_WARN_STRICT_PROTOTYPES = YES;
				CLANG_WARN_SUSPICIOUS_MOVE = YES;
				CLANG_WARN_UNGUARDED_AVAILABILITY = YES_AGGRESSIVE;
				CLANG_WARN_UNREACHABLE_CODE = YES;
				CLANG_WARN__DUPLICATE_METHOD_MATCH = YES;
				COPY_PHASE_STRIP = NO;
				DEBUG_INFORMATION_FORMAT = "dwarf-with-dsym";
				ENABLE_NS_ASSERTIONS = NO;
				ENABLE_STRICT_OBJC_MSGSEND = YES;
				GCC_C_LANGUAGE_STANDARD = gnu11;
				GCC_NO_COMMON_BLOCKS = YES;
				GCC_WARN_64_TO_32_BIT_CONVERSION = YES;
				GCC_WARN_ABOUT_RETURN_TYPE = YES_ERROR;
				GCC_WARN_UNDECLARED_SELECTOR = YES;
				GCC_WARN_UNINITIALIZED_AUTOS = YES_AGGRESSIVE;
				GCC_WARN_UNUSED_FUNCTION = YES;
				GCC_WARN_UNUSED_VARIABLE = YES;
				IPHONEOS_DEPLOYMENT_TARGET = 14.5;
				MTL_ENABLE_DEBUG_INFO = NO;
				MTL_FAST_MATH = YES;
				SDKROOT = iphoneos;
				SWIFT_COMPILATION_MODE = wholemodule;
				SWIFT_OPTIMIZATION_LEVEL = "-O";
				VALIDATE_PRODUCT = YES;
			};
			name = Release;
		};
		C94F80BD26E7036F007207FF /* Debug */ = {
			isa = XCBuildConfiguration;
			buildSettings = {
				ASSETCATALOG_COMPILER_APPICON_NAME = AppIcon;
				ASSETCATALOG_COMPILER_GLOBAL_ACCENT_COLOR_NAME = AccentColor;
				CODE_SIGN_STYLE = Automatic;
				DEVELOPMENT_ASSET_PATHS = "\"NightWatch/Preview Content\"";
				DEVELOPMENT_TEAM = B3X7YWT253;
				ENABLE_PREVIEWS = YES;
				INFOPLIST_FILE = NightWatch/Info.plist;
				IPHONEOS_DEPLOYMENT_TARGET = 14.0;
				LD_RUNPATH_SEARCH_PATHS = (
					"$(inherited)",
					"@executable_path/Frameworks",
				);
				PRODUCT_BUNDLE_IDENTIFIER = com.miguelrueda.NightWatch;
				PRODUCT_NAME = "$(TARGET_NAME)";
				SWIFT_VERSION = 5.0;
				TARGETED_DEVICE_FAMILY = 1;
			};
			name = Debug;
		};
		C94F80BE26E7036F007207FF /* Release */ = {
			isa = XCBuildConfiguration;
			buildSettings = {
				ASSETCATALOG_COMPILER_APPICON_NAME = AppIcon;
				ASSETCATALOG_COMPILER_GLOBAL_ACCENT_COLOR_NAME = AccentColor;
				CODE_SIGN_STYLE = Automatic;
				DEVELOPMENT_ASSET_PATHS = "\"NightWatch/Preview Content\"";
				DEVELOPMENT_TEAM = B3X7YWT253;
				ENABLE_PREVIEWS = YES;
				INFOPLIST_FILE = NightWatch/Info.plist;
				IPHONEOS_DEPLOYMENT_TARGET = 14.0;
				LD_RUNPATH_SEARCH_PATHS = (
					"$(inherited)",
					"@executable_path/Frameworks",
				);
				PRODUCT_BUNDLE_IDENTIFIER = com.miguelrueda.NightWatch;
				PRODUCT_NAME = "$(TARGET_NAME)";
				SWIFT_VERSION = 5.0;
				TARGETED_DEVICE_FAMILY = 1;
			};
			name = Release;
		};
/* End XCBuildConfiguration section */

/* Begin XCConfigurationList section */
		C94F80A826E7036E007207FF /* Build configuration list for PBXProject "NightWatch" */ = {
			isa = XCConfigurationList;
			buildConfigurations = (
				C94F80BA26E7036F007207FF /* Debug */,
				C94F80BB26E7036F007207FF /* Release */,
			);
			defaultConfigurationIsVisible = 0;
			defaultConfigurationName = Release;
		};
		C94F80BC26E7036F007207FF /* Build configuration list for PBXNativeTarget "NightWatch" */ = {
			isa = XCConfigurationList;
			buildConfigurations = (
				C94F80BD26E7036F007207FF /* Debug */,
				C94F80BE26E7036F007207FF /* Release */,
			);
			defaultConfigurationIsVisible = 0;
			defaultConfigurationName = Release;
		};
/* End XCConfigurationList section */
	};
	rootObject = C94F80A526E7036E007207FF /* Project object */;
}
